{
  "nodes": {
    "busybox-src": {
      "flake": false,
      "locked": {
        "lastModified": 1784446997,
        "narHash": "sha256-IwdmKbP2LPrw011n3DmsX75siuBlzc358Zk+IulwaVw=",
        "owner": "tombl",
        "repo": "busybox",
        "rev": "4ad91c87e7efeff15628bea7240b6055b2737644",
        "type": "github"
      },
      "original": {
        "owner": "tombl",
        "repo": "busybox",
        "type": "github"
      }
    },
    "bzip2-src": {
      "flake": false,
      "locked": {
        "lastModified": 1784477577,
        "narHash": "sha256-Uvi4JZPPERK3gym4yoaeTEJwKXF5brBAEN7GgF+iF6g=",
        "type": "tarball",
        "url": "https://sourceware.org/pub/bzip2/bzip2-1.0.8.tar.gz"
      },
      "original": {
        "type": "tarball",
        "url": "https://sourceware.org/pub/bzip2/bzip2-1.0.8.tar.gz"
      }
    },
    "coreutils-src": {
      "flake": false,
      "locked": {
        "lastModified": 1744197214,
        "narHash": "sha256-TFDtvw5E4y9UPfMyOV+KiMnIeSum54fXSOIbT7qRsXA=",
        "type": "tarball",
        "url": "https://ftp.gnu.org/gnu/coreutils/coreutils-9.7.tar.xz"
      },
      "original": {
        "type": "tarball",
        "url": "https://ftp.gnu.org/gnu/coreutils/coreutils-9.7.tar.xz"
      }
    },
    "curl-src": {
      "flake": false,
      "locked": {
        "lastModified": 1782280409,
        "narHash": "sha256-nrvbU5C6oeCMAecrEqYE3CNPyFVsTEqaqhhCoLe5fMo=",
        "type": "tarball",
        "url": "https://curl.se/download/curl-8.21.0.tar.xz"
      },
      "original": {
        "type": "tarball",
        "url": "https://curl.se/download/curl-8.21.0.tar.xz"
      }
    },
    "diffutils-src": {
      "flake": false,
      "locked": {
        "lastModified": 1684659217,
        "narHash": "sha256-R6LYAfi/lcZ+zK9SZJ5aUzYarq/VguvJbEZbWZmmnY0=",
        "type": "tarball",
        "url": "https://ftp.gnu.org/gnu/diffutils/diffutils-3.10.tar.xz"
      },
      "original": {
        "type": "tarball",
        "url": "https://ftp.gnu.org/gnu/diffutils/diffutils-3.10.tar.xz"
      }
    },
    "file-src": {
      "flake": false,
      "locked": {
        "lastModified": 1780875963,
        "narHash": "sha256-9OtdGy2HegeyiCVUuDo75A0REr+Z0ReR3jk2ORVAgp0=",
        "type": "tarball",
        "url": "https://astron.com/pub/file/file-5.48.tar.gz"
      },
      "original": {
        "type": "tarball",
        "url": "https://astron.com/pub/file/file-5.48.tar.gz"
      }
    },
    "findutils-src": {
      "flake": false,
      "locked": {
        "lastModified": 1717259038,
        "narHash": "sha256-VnE/TPw/fOD9I3aVmMfzZKdULcmEoljpAPjugMiq+p4=",
        "type": "tarball",
        "url": "https://ftp.gnu.org/gnu/findutils/findutils-4.10.0.tar.xz"
      },
      "original": {
        "type": "tarball",
        "url": "https://ftp.gnu.org/gnu/findutils/findutils-4.10.0.tar.xz"
      }
    },
    "gawk-src": {
      "flake": false,
      "locked": {
        "lastModified": 1726598637,
        "narHash": "sha256-dw4WPFQhuh+UXPKA48zlulFbuKbFc96eoNHHoiIDhL4=",
        "type": "tarball",
        "url": "https://ftp.gnu.org/gnu/gawk/gawk-5.3.1.tar.xz"
      },
      "original": {
        "type": "tarball",
        "url": "https://ftp.gnu.org/gnu/gawk/gawk-5.3.1.tar.xz"
      }
    },
    "grep-src": {
      "flake": false,
      "locked": {
        "lastModified": 1683965831,
        "narHash": "sha256-e4F99gC1JWZEYiUmc7mlSjYdMrbBDxBjwdT4Wv/9oF4=",
        "type": "tarball",
        "url": "https://ftp.gnu.org/gnu/grep/grep-3.11.tar.xz"
      },
      "original": {
        "type": "tarball",
        "url": "https://ftp.gnu.org/gnu/grep/grep-3.11.tar.xz"
      }
    },
    "jq-src": {
      "flake": false,
      "locked": {
        "lastModified": 1702495524,
        "narHash": "sha256-Ti1rQ7Va0oTE4Z0ouYfQS+yMNX3nFQtHfVkIYBHg3O4=",
        "type": "tarball",
        "url": "https://github.com/jqlang/jq/releases/download/jq-1.7.1/jq-1.7.1.tar.gz"
      },
      "original": {
        "type": "tarball",
        "url": "https://github.com/jqlang/jq/releases/download/jq-1.7.1/jq-1.7.1.tar.gz"
      }
    },
    "less-src": {
      "flake": false,
      "locked": {
        "lastModified": 1728253910,
        "narHash": "sha256-U3En8L4CnqlVu9Kkh3PhOQIoUyzGDl5msotNKtPn1Dk=",
        "type": "tarball",
        "url": "https://ftp.gnu.org/gnu/less/less-668.tar.gz"
      },
      "original": {
        "type": "tarball",
        "url": "https://ftp.gnu.org/gnu/less/less-668.tar.gz"
      }
    },
    "linux-src": {
      "flake": false,
      "locked": {
        "lastModified": 1784478073,
        "narHash": "sha256-z82Jnv9mMe9VRWDUK204ySenW7X1gxSYMlzOeeG4Yeg=",
        "owner": "tombl",
        "repo": "linux",
        "rev": "10c50146c241ccc51415df8998c4661008971b59",
        "type": "github"
      },
      "original": {
        "owner": "tombl",
        "ref": "clone-vm-threads",
        "repo": "linux",
        "type": "github"
      }
    },
    "llvm-src": {
      "flake": false,
      "locked": {
        "lastModified": 1779503432,
        "narHash": "sha256-GCLjs1tb/9AKDQGVAyk/qJ9X3zQGmL+VgySUKQWQ1Bw=",
        "owner": "tombl",
        "repo": "llvm-project",
        "rev": "ff5671ca630630276cc185db3e017305eae59bc1",
        "type": "github"
      },
      "original": {
        "owner": "tombl",
        "repo": "llvm-project",
        "type": "github"
      }
    },
    "lua-src": {
      "flake": false,
      "locked": {
        "lastModified": 1747861947,
        "narHash": "sha256-6TMsVp2D3WtvnwyhvwodjQH3kvTXz1rSMWwiHazvKys=",
        "type": "tarball",
        "url": "https://www.lua.org/ftp/lua-5.4.8.tar.gz"
      },
      "original": {
        "type": "tarball",
        "url": "https://www.lua.org/ftp/lua-5.4.8.tar.gz"
      }
    },
    "make-src": {
      "flake": false,
      "locked": {
        "lastModified": 1677437212,
        "narHash": "sha256-+Cg7R8wougcWcFf6u5B3lVX6RRgMRYZ1CD+e21URP5A=",
        "type": "tarball",
        "url": "https://ftp.gnu.org/gnu/make/make-4.4.1.tar.gz"
      },
      "original": {
        "type": "tarball",
        "url": "https://ftp.gnu.org/gnu/make/make-4.4.1.tar.gz"
      }
    },
    "mbedtls-src": {
      "flake": false,
      "locked": {
        "lastModified": 1784489454,
        "narHash": "sha256-t1ZPeFA3ftKaEIaXQ7RXZEsiOAYK4KSSm55SFr9g17A=",
        "type": "tarball",
        "url": "https://github.com/Mbed-TLS/mbedtls/releases/download/mbedtls-3.6.7/mbedtls-3.6.7.tar.bz2"
      },
      "original": {
        "type": "tarball",
        "url": "https://github.com/Mbed-TLS/mbedtls/releases/download/mbedtls-3.6.7/mbedtls-3.6.7.tar.bz2"
      }
    },
    "musl-src": {
      "flake": false,
      "locked": {
        "lastModified": 1784480478,
        "narHash": "sha256-7jKmgDdwKkHPUPszI5mpUjNeIP7i79rGCU3oS7SVG4Y=",
        "owner": "tombl",
        "repo": "musl",
        "rev": "55ba7af9fc52c4850232de9127f12b859ae4f636",
        "type": "github"
      },
      "original": {
        "owner": "tombl",
        "ref": "wasm-setjmp",
        "repo": "musl",
        "type": "github"
      }
    },
    "ncurses-src": {
      "flake": false,
      "locked": {
        "lastModified": 1767137046,
        "narHash": "sha256-YpXsAx/jqbxBpTLljJBfLEyeG4vSY94K4HYHSqyXYyg=",
        "type": "tarball",
        "url": "https://ftp.gnu.org/gnu/ncurses/ncurses-6.6.tar.gz"
      },
      "original": {
        "type": "tarball",
        "url": "https://ftp.gnu.org/gnu/ncurses/ncurses-6.6.tar.gz"
      }
    },
    "nixpkgs": {
      "locked": {
        "lastModified": 1784356753,
        "narHash": "sha256-12KrbMiWLcf8m7pCvAtZh1ZrgF85ZXDXvfR/fWTKy84=",
        "owner": "nixos",
        "repo": "nixpkgs",
        "rev": "61b7c44c4073f0b827768aff0049561b5110ea5a",
        "type": "github"
      },
      "original": {
        "owner": "nixos",
        "ref": "nixos-unstable",
        "repo": "nixpkgs",
        "type": "github"
      }
    },
    "patch-src": {
      "flake": false,
      "locked": {
        "lastModified": 1517683560,
        "narHash": "sha256-Ng14vbD6V0ixnoeOxERqCxIuY2JWMaCeHykoGHAHPvo=",
        "type": "tarball",
        "url": "https://ftp.gnu.org/gnu/patch/patch-2.7.6.tar.xz"
      },
      "original": {
        "type": "tarball",
        "url": "https://ftp.gnu.org/gnu/patch/patch-2.7.6.tar.xz"
      }
    },
    "python-src": {
      "flake": false,
      "locked": {
        "lastModified": 1781094244,
        "narHash": "sha256-v1lJgk5aS5tS19HH8k6cs5NlFpTDtmFOWSepvldlVm8=",
        "type": "tarball",
        "url": "https://www.python.org/ftp/python/3.13.14/Python-3.13.14.tar.xz"
      },
      "original": {
        "type": "tarball",
        "url": "https://www.python.org/ftp/python/3.13.14/Python-3.13.14.tar.xz"
      }
    },
    "readline-src": {
      "flake": false,
      "locked": {
        "lastModified": 1751291999,
        "narHash": "sha256-PhQxBHY8g6OaC7w2vHyGYVJVy7BtF6RjvH1EAF/Hza0=",
        "type": "tarball",
        "url": "https://ftp.gnu.org/gnu/readline/readline-8.3.tar.gz"
      },
      "original": {
        "type": "tarball",
        "url": "https://ftp.gnu.org/gnu/readline/readline-8.3.tar.gz"
      }
    },
    "root": {
      "inputs": {
        "busybox-src": "busybox-src",
        "bzip2-src": "bzip2-src",
        "coreutils-src": "coreutils-src",
        "curl-src": "curl-src",
        "diffutils-src": "diffutils-src",
        "file-src": "file-src",
        "findutils-src": "findutils-src",
        "gawk-src": "gawk-src",
        "grep-src": "grep-src",
        "jq-src": "jq-src",
        "less-src": "less-src",
        "linux-src": "linux-src",
        "llvm-src": "llvm-src",
        "lua-src": "lua-src",
        "make-src": "make-src",
        "mbedtls-src": "mbedtls-src",
        "musl-src": "musl-src",
        "ncurses-src": "ncurses-src",
        "nixpkgs": "nixpkgs",
        "patch-src": "patch-src",
        "python-src": "python-src",
        "readline-src": "readline-src",
        "sed-src": "sed-src",
        "sqlite-src": "sqlite-src",
        "tar-src": "tar-src",
        "xz-src": "xz-src",
        "zlib-src": "zlib-src",
        "zstd-src": "zstd-src"
      }
    },
    "sed-src": {
      "flake": false,
      "locked": {
        "lastModified": 1667771502,
        "narHash": "sha256-yQTI0WzgSOolziBUNU9ayhASUT2/xFi3jt1C2z1MFZw=",
        "type": "tarball",
        "url": "https://ftp.gnu.org/gnu/sed/sed-4.9.tar.xz"
      },
      "original": {
        "type": "tarball",
        "url": "https://ftp.gnu.org/gnu/sed/sed-4.9.tar.xz"
      }
    },
    "sqlite-src": {
      "flake": false,
      "locked": {
        "lastModified": 1762301600,
        "narHash": "sha256-IbgsC+KGI0uWM4PS+bKpLfbE7ciE1fpz9Jhj9+qEiVA=",
        "type": "tarball",
        "url": "https://sqlite.org/2025/sqlite-autoconf-3510000.tar.gz"
      },
      "original": {
        "type": "tarball",
        "url": "https://sqlite.org/2025/sqlite-autoconf-3510000.tar.gz"
      }
    },
    "tar-src": {
      "flake": false,
      "locked": {
        "lastModified": 1689663323,
        "narHash": "sha256-HztPW54hxHySvdrzkpMHKyhayOsoLUfDMATshJ95rTI=",
        "type": "tarball",
        "url": "https://ftp.gnu.org/gnu/tar/tar-1.35.tar.xz"
      },
      "original": {
        "type": "tarball",
        "url": "https://ftp.gnu.org/gnu/tar/tar-1.35.tar.xz"
      }
    },
    "xz-src": {
      "flake": false,
      "locked": {
        "lastModified": 1737626362,
        "narHash": "sha256-bJqZHrWqv1gankOKrnXakOVeVGgqPtw5Nn+kfTMKalQ=",
        "type": "tarball",
        "url": "https://github.com/tukaani-project/xz/releases/download/v5.6.4/xz-5.6.4.tar.gz"
      },
      "original": {
        "type": "tarball",
        "url": "https://github.com/tukaani-project/xz/releases/download/v5.6.4/xz-5.6.4.tar.gz"
      }
    },
    "zlib-src": {
      "flake": false,
      "locked": {
        "lastModified": 1705948357,
        "narHash": "sha256-acY8yFzIRYbrZ2CGODoxLnZuppsP6KZy19I9Yy77pfc=",
        "type": "tarball",
        "url": "https://github.com/madler/zlib/releases/download/v1.3.1/zlib-1.3.1.tar.gz"
      },
      "original": {
        "type": "tarball",
        "url": "https://github.com/madler/zlib/releases/download/v1.3.1/zlib-1.3.1.tar.gz"
      }
    },
    "zstd-src": {
      "flake": false,
      "locked": {
        "lastModified": 1711058751,
        "narHash": "sha256-qcd92hQqVBjMT3hyntjcgk29o9wGQsg5Hg7HE5C0UNc=",
        "type": "tarball",
        "url": "https://github.com/facebook/zstd/releases/download/v1.5.6/zstd-1.5.6.tar.gz"
      },
      "original": {
        "type": "tarball",
        "url": "https://github.com/facebook/zstd/releases/download/v1.5.6/zstd-1.5.6.tar.gz"
      }
    }
  },
  "root": "root",
  "version": 7
}
