{
  "nodes": {
    "busybox": {
      "flake": false,
      "locked": {
        "lastModified": 1736261867,
        "narHash": "sha256-Sbuibax0P/sz+Pwn5BNASsbzF1iFeo19meO3EFhJZzA=",
        "owner": "tombl",
        "repo": "busybox",
        "rev": "e98330a3b04a0237e1741254b556b709911af8bc",
        "type": "github"
      },
      "original": {
        "owner": "tombl",
        "repo": "busybox",
        "type": "github"
      }
    },
    "flake-compat": {
      "flake": false,
      "locked": {
        "lastModified": 1696426674,
        "narHash": "sha256-kvjfFW7WAETZlt09AgDn1MrtKzP7t90Vf7vypd3OL1U=",
        "owner": "edolstra",
        "repo": "flake-compat",
        "rev": "0f9255e01c2351cc7d116c072cb317785dd33b33",
        "type": "github"
      },
      "original": {
        "owner": "edolstra",
        "repo": "flake-compat",
        "type": "github"
      }
    },
    "flake-compat_2": {
      "flake": false,
      "locked": {
        "lastModified": 1696426674,
        "narHash": "sha256-kvjfFW7WAETZlt09AgDn1MrtKzP7t90Vf7vypd3OL1U=",
        "owner": "edolstra",
        "repo": "flake-compat",
        "rev": "0f9255e01c2351cc7d116c072cb317785dd33b33",
        "type": "github"
      },
      "original": {
        "owner": "edolstra",
        "repo": "flake-compat",
        "type": "github"
      }
    },
    "flake-parts": {
      "inputs": {
        "nixpkgs-lib": [
          "nixpkgs"
        ]
      },
      "locked": {
        "lastModified": 1736143030,
        "narHash": "sha256-+hu54pAoLDEZT9pjHlqL9DNzWz0NbUn8NEAHP7PQPzU=",
        "owner": "hercules-ci",
        "repo": "flake-parts",
        "rev": "b905f6fc23a9051a6e1b741e1438dbfc0634c6de",
        "type": "github"
      },
      "original": {
        "owner": "hercules-ci",
        "repo": "flake-parts",
        "type": "github"
      }
    },
    "git-hooks": {
      "inputs": {
        "flake-compat": "flake-compat",
        "gitignore": "gitignore",
        "nixpkgs": [
          "nixpkgs"
        ]
      },
      "locked": {
        "lastModified": 1735882644,
        "narHash": "sha256-3FZAG+pGt3OElQjesCAWeMkQ7C/nB1oTHLRQ8ceP110=",
        "owner": "cachix",
        "repo": "git-hooks.nix",
        "rev": "a5a961387e75ae44cc20f0a57ae463da5e959656",
        "type": "github"
      },
      "original": {
        "owner": "cachix",
        "repo": "git-hooks.nix",
        "type": "github"
      }
    },
    "gitignore": {
      "inputs": {
        "nixpkgs": [
          "git-hooks",
          "nixpkgs"
        ]
      },
      "locked": {
        "lastModified": 1709087332,
        "narHash": "sha256-HG2cCnktfHsKV0s4XW83gU3F57gaTljL9KNSuG6bnQs=",
        "owner": "hercules-ci",
        "repo": "gitignore.nix",
        "rev": "637db329424fd7e46cf4185293b9cc8c88c95394",
        "type": "github"
      },
      "original": {
        "owner": "hercules-ci",
        "repo": "gitignore.nix",
        "type": "github"
      }
    },
    "libclang_rt": {
      "flake": false,
      "locked": {
        "lastModified": 1733968120,
        "narHash": "sha256-qnWit8eyTV8zOwA4SE5z+lTKpmP1u4/+MOqkzEp+Cww=",
        "type": "tarball",
        "url": "https://github.com/WebAssembly/wasi-sdk/releases/download/wasi-sdk-25/libclang_rt.builtins-wasm32-wasi-25.0.tar.gz"
      },
      "original": {
        "type": "tarball",
        "url": "https://github.com/WebAssembly/wasi-sdk/releases/download/wasi-sdk-25/libclang_rt.builtins-wasm32-wasi-25.0.tar.gz"
      }
    },
    "linux": {
      "flake": false,
      "locked": {
        "lastModified": 1736261539,
        "narHash": "sha256-cqa+eme6Uy985DNv83KmzOT7bLst82zYyfrEGVxWZ2c=",
        "owner": "tombl",
        "repo": "linux",
        "rev": "9aeee3fd5749953ed147c4dadb26660f322d9f68",
        "type": "github"
      },
      "original": {
        "owner": "tombl",
        "ref": "args",
        "repo": "linux",
        "type": "github"
      }
    },
    "llvm": {
      "flake": false,
      "locked": {
        "lastModified": 1736765684,
        "narHash": "sha256-R1XaHsJR2GlUnIuS/rjQGeB6EGAtgGHWax9UrDzX7iE=",
        "owner": "llvm",
        "repo": "llvm-project",
        "rev": "61c9f970b88710c8292cc32b92c1db723fcfff22",
        "type": "github"
      },
      "original": {
        "owner": "llvm",
        "ref": "release/19.x",
        "repo": "llvm-project",
        "type": "github"
      }
    },
    "make-shell": {
      "inputs": {
        "flake-compat": "flake-compat_2"
      },
      "locked": {
        "lastModified": 1733933815,
        "narHash": "sha256-9JjM7eT66W4NJAXpGUsdyAFXhBxFWR2Z9LZwUa7Hli0=",
        "owner": "nicknovitski",
        "repo": "make-shell",
        "rev": "ffeceae9956df03571ea8e96ef77c2924f13a63c",
        "type": "github"
      },
      "original": {
        "owner": "nicknovitski",
        "repo": "make-shell",
        "type": "github"
      }
    },
    "musl": {
      "flake": false,
      "locked": {
        "lastModified": 1736261761,
        "narHash": "sha256-cZX+YcBL7O1TwZU+/vvD9zDE6r9Kwl4cZL3LRq5twGg=",
        "owner": "tombl",
        "repo": "musl",
        "rev": "9a99dba423852dbaffeb9f9bedad63cefed6e065",
        "type": "github"
      },
      "original": {
        "owner": "tombl",
        "ref": "args",
        "repo": "musl",
        "type": "github"
      }
    },
    "nixpkgs": {
      "locked": {
        "lastModified": 1735412871,
        "narHash": "sha256-Qoz0ow6jDGUIBHxduc7Y1cjYFS71tvEGJV5Src/mj98=",
        "owner": "nixos",
        "repo": "nixpkgs",
        "rev": "9f94733f93e4fe6e82f516efae007096e4ab5a21",
        "type": "github"
      },
      "original": {
        "owner": "nixos",
        "ref": "nixos-24.11",
        "repo": "nixpkgs",
        "type": "github"
      }
    },
    "root": {
      "inputs": {
        "busybox": "busybox",
        "flake-parts": "flake-parts",
        "git-hooks": "git-hooks",
        "libclang_rt": "libclang_rt",
        "linux": "linux",
        "llvm": "llvm",
        "make-shell": "make-shell",
        "musl": "musl",
        "nixpkgs": "nixpkgs",
        "treefmt-nix": "treefmt-nix"
      }
    },
    "treefmt-nix": {
      "inputs": {
        "nixpkgs": [
          "nixpkgs"
        ]
      },
      "locked": {
        "lastModified": 1736154270,
        "narHash": "sha256-p2r8xhQZ3TYIEKBoiEhllKWQqWNJNoT9v64Vmg4q8Zw=",
        "owner": "numtide",
        "repo": "treefmt-nix",
        "rev": "13c913f5deb3a5c08bb810efd89dc8cb24dd968b",
        "type": "github"
      },
      "original": {
        "owner": "numtide",
        "repo": "treefmt-nix",
        "type": "github"
      }
    }
  },
  "root": "root",
  "version": 7
}
