{
  "nodes": {
    "busybox-src": {
      "flake": false,
      "locked": {
        "lastModified": 1784446997,
        "narHash": "sha256-IwdmKbP2LPrw011n3DmsX75siuBlzc358Zk+IulwaVw=",
        "owner": "tombl",
        "repo": "busybox",
        "rev": "4ad91c87e7efeff15628bea7240b6055b2737644",
        "type": "github"
      },
      "original": {
        "owner": "tombl",
        "repo": "busybox",
        "type": "github"
      }
    },
    "linux-src": {
      "flake": false,
      "locked": {
        "lastModified": 1784469813,
        "narHash": "sha256-p7RqVZZMIP1mw5K4DRXZZOqYj58Sh/2ooiGsCInWQAI=",
        "owner": "tombl",
        "repo": "linux",
        "rev": "45906f7110dc144a326a413211c1bc8110fb73fe",
        "type": "github"
      },
      "original": {
        "owner": "tombl",
        "ref": "clone-vm-threads",
        "repo": "linux",
        "type": "github"
      }
    },
    "llvm-src": {
      "flake": false,
      "locked": {
        "lastModified": 1779503432,
        "narHash": "sha256-GCLjs1tb/9AKDQGVAyk/qJ9X3zQGmL+VgySUKQWQ1Bw=",
        "owner": "tombl",
        "repo": "llvm-project",
        "rev": "ff5671ca630630276cc185db3e017305eae59bc1",
        "type": "github"
      },
      "original": {
        "owner": "tombl",
        "repo": "llvm-project",
        "type": "github"
      }
    },
    "musl-src": {
      "flake": false,
      "locked": {
        "lastModified": 1784446922,
        "narHash": "sha256-c5QtiS7CSiIlNL6CSnJ9Y7eiyGSDdHGiO6kZBxQm67E=",
        "owner": "tombl",
        "repo": "musl",
        "rev": "b43b6768a4d2ad8025ed1a1a86171db062a8c2c6",
        "type": "github"
      },
      "original": {
        "owner": "tombl",
        "repo": "musl",
        "type": "github"
      }
    },
    "nixpkgs": {
      "locked": {
        "lastModified": 1784356753,
        "narHash": "sha256-12KrbMiWLcf8m7pCvAtZh1ZrgF85ZXDXvfR/fWTKy84=",
        "owner": "nixos",
        "repo": "nixpkgs",
        "rev": "61b7c44c4073f0b827768aff0049561b5110ea5a",
        "type": "github"
      },
      "original": {
        "owner": "nixos",
        "ref": "nixos-unstable",
        "repo": "nixpkgs",
        "type": "github"
      }
    },
    "root": {
      "inputs": {
        "busybox-src": "busybox-src",
        "linux-src": "linux-src",
        "llvm-src": "llvm-src",
        "musl-src": "musl-src",
        "nixpkgs": "nixpkgs",
        "sqlite-src": "sqlite-src"
      }
    },
    "sqlite-src": {
      "flake": false,
      "locked": {
        "lastModified": 1762301600,
        "narHash": "sha256-IbgsC+KGI0uWM4PS+bKpLfbE7ciE1fpz9Jhj9+qEiVA=",
        "type": "tarball",
        "url": "https://sqlite.org/2025/sqlite-autoconf-3510000.tar.gz"
      },
      "original": {
        "type": "tarball",
        "url": "https://sqlite.org/2025/sqlite-autoconf-3510000.tar.gz"
      }
    }
  },
  "root": "root",
  "version": 7
}
